// !$*UTF8*$!
{
	archiveVersion = 1;
	classes = {
	};
	objectVersion = 50;
	objects = {

/* Begin PBXBuildFile section */
		D7495EFB250AEB9E0088B86E /* AppDelegate.swift in Sources */ = {isa = PBXBuildFile; fileRef = D7495EFA250AEB9E0088B86E /* AppDelegate.swift */; };
		D7495EFD250AEB9E0088B86E /* GameScene.sks in Resources */ = {isa = PBXBuildFile; fileRef = D7495EFC250AEB9E0088B86E /* GameScene.sks */; };
		D7495EFF250AEB9E0088B86E /* Actions.sks in Resources */ = {isa = PBXBuildFile; fileRef = D7495EFE250AEB9E0088B86E /* Actions.sks */; };
		D7495F01250AEB9E0088B86E /* GameScene.swift in Sources */ = {isa = PBXBuildFile; fileRef = D7495F00250AEB9E0088B86E /* GameScene.swift */; };
		D7495F03250AEB9E0088B86E /* GameViewController.swift in Sources */ = {isa = PBXBuildFile; fileRef = D7495F02250AEB9E0088B86E /* GameViewController.swift */; };
		D7495F06250AEB9E0088B86E /* Main.storyboard in Resources */ = {isa = PBXBuildFile; fileRef = D7495F04250AEB9E0088B86E /* Main.storyboard */; };
		D7495F08250AEB9F0088B86E /* Assets.xcassets in Resources */ = {isa = PBXBuildFile; fileRef = D7495F07250AEB9F0088B86E /* Assets.xcassets */; };
		D7495F0B250AEB9F0088B86E /* LaunchScreen.storyboard in Resources */ = {isa = PBXBuildFile; fileRef = D7495F09250AEB9F0088B86E /* LaunchScreen.storyboard */; };
/* End PBXBuildFile section */

/* Begin PBXFileReference section */
		D7495EF7250AEB9E0088B86E /* flower.app */ = {isa = PBXFileReference; explicitFileType = wrapper.application; includeInIndex = 0; path = flower.app; sourceTree = BUILT_PRODUCTS_DIR; };
		D7495EFA250AEB9E0088B86E /* AppDelegate.swift */ = {isa = PBXFileReference; lastKnownFileType = sourcecode.swift; path = AppDelegate.swift; sourceTree = "<group>"; };
		D7495EFC250AEB9E0088B86E /* GameScene.sks */ = {isa = PBXFileReference; lastKnownFileType = file.sks; path = GameScene.sks; sourceTree = "<group>"; };
		D7495EFE250AEB9E0088B86E /* Actions.sks */ = {isa = PBXFileReference; lastKnownFileType = file.sks; path = Actions.sks; sourceTree = "<group>"; };
		D7495F00250AEB9E0088B86E /* GameScene.swift */ = {isa = PBXFileReference; lastKnownFileType = sourcecode.swift; path = GameScene.swift; sourceTree = "<group>"; };
		D7495F02250AEB9E0088B86E /* GameViewController.swift */ = {isa = PBXFileReference; lastKnownFileType = sourcecode.swift; path = GameViewController.swift; sourceTree = "<group>"; };
		D7495F05250AEB9E0088B86E /* Base */ = {isa = PBXFileReference; lastKnownFileType = file.storyboard; name = Base; path = Base.lproj/Main.storyboard; sourceTree = "<group>"; };
		D7495F07250AEB9F0088B86E /* Assets.xcassets */ = {isa = PBXFileReference; lastKnownFileType = folder.assetcatalog; path = Assets.xcassets; sourceTree = "<group>"; };
		D7495F0A250AEB9F0088B86E /* Base */ = {isa = PBXFileReference; lastKnownFileType = file.storyboard; name = Base; path = Base.lproj/LaunchScreen.storyboard; sourceTree = "<group>"; };
		D7495F0C250AEB9F0088B86E /* Info.plist */ = {isa = PBXFileReference; lastKnownFileType = text.plist.xml; path = Info.plist; sourceTree = "<group>"; };
/* End PBXFileReference section */

/* Begin PBXFrameworksBuildPhase section */
		D7495EF4250AEB9E0088B86E /* Frameworks */ = {
			isa = PBXFrameworksBuildPhase;
			buildActionMask = 2147483647;
			files = (
			);
			runOnlyForDeploymentPostprocessing = 0;
		};
/* End PBXFrameworksBuildPhase section */

/* Begin PBXGroup section */
		D7495EEE250AEB9E0088B86E = {
			isa = PBXGroup;
			children = (
				D7495EF9250AEB9E0088B86E /* flower */,
				D7495EF8250AEB9E0088B86E /* Products */,
			);
			sourceTree = "<group>";
		};
		D7495EF8250AEB9E0088B86E /* Products */ = {
			isa = PBXGroup;
			children = (
				D7495EF7250AEB9E0088B86E /* flower.app */,
			);
			name = Products;
			sourceTree = "<group>";
		};
		D7495EF9250AEB9E0088B86E /* flower */ = {
			isa = PBXGroup;
			children = (
				D7495EFA250AEB9E0088B86E /* AppDelegate.swift */,
				D7495EFC250AEB9E0088B86E /* GameScene.sks */,
				D7495EFE250AEB9E0088B86E /* Actions.sks */,
				D7495F00250AEB9E0088B86E /* GameScene.swift */,
				D7495F02250AEB9E0088B86E /* GameViewController.swift */,
				D7495F04250AEB9E0088B86E /* Main.storyboard */,
				D7495F07250AEB9F0088B86E /* Assets.xcassets */,
				D7495F09250AEB9F0088B86E /* LaunchScreen.storyboard */,
				D7495F0C250AEB9F0088B86E /* Info.plist */,
			);
			path = flower;
			sourceTree = "<group>";
		};
/* End PBXGroup section */

/* Begin PBXNativeTarget section */
		D7495EF6250AEB9E0088B86E /* flower */ = {
			isa = PBXNativeTarget;
			buildConfigurationList = D7495F0F250AEB9F0088B86E /* Build configuration list for PBXNativeTarget "flower" */;
			buildPhases = (
				D7495EF3250AEB9E0088B86E /* Sources */,
				D7495EF4250AEB9E0088B86E /* Frameworks */,
				D7495EF5250AEB9E0088B86E /* Resources */,
			);
			buildRules = (
			);
			dependencies = (
			);
			name = flower;
			productName = flower;
			productReference = D7495EF7250AEB9E0088B86E /* flower.app */;
			productType = "com.apple.product-type.application";
		};
/* End PBXNativeTarget section */

/* Begin PBXProject section */
		D7495EEF250AEB9E0088B86E /* Project object */ = {
			isa = PBXProject;
			attributes = {
				LastSwiftUpdateCheck = 1160;
				LastUpgradeCheck = 1160;
				ORGANIZATIONNAME = "Morgana Beatriz";
				TargetAttributes = {
					D7495EF6250AEB9E0088B86E = {
						CreatedOnToolsVersion = 11.6;
					};
				};
			};
			buildConfigurationList = D7495EF2250AEB9E0088B86E /* Build configuration list for PBXProject "flower" */;
			compatibilityVersion = "Xcode 9.3";
			developmentRegion = en;
			hasScannedForEncodings = 0;
			knownRegions = (
				en,
				Base,
			);
			mainGroup = D7495EEE250AEB9E0088B86E;
			productRefGroup = D7495EF8250AEB9E0088B86E /* Products */;
			projectDirPath = "";
			projectRoot = "";
			targets = (
				D7495EF6250AEB9E0088B86E /* flower */,
			);
		};
/* End PBXProject section */

/* Begin PBXResourcesBuildPhase section */
		D7495EF5250AEB9E0088B86E /* Resources */ = {
			isa = PBXResourcesBuildPhase;
			buildActionMask = 2147483647;
			files = (
				D7495F06250AEB9E0088B86E /* Main.storyboard in Resources */,
				D7495EFD250AEB9E0088B86E /* GameScene.sks in Resources */,
				D7495F08250AEB9F0088B86E /* Assets.xcassets in Resources */,
				D7495F0B250AEB9F0088B86E /* LaunchScreen.storyboard in Resources */,
				D7495EFF250AEB9E0088B86E /* Actions.sks in Resources */,
			);
			runOnlyForDeploymentPostprocessing = 0;
		};
/* End PBXResourcesBuildPhase section */

/* Begin PBXSourcesBuildPhase section */
		D7495EF3250AEB9E0088B86E /* Sources */ = {
			isa = PBXSourcesBuildPhase;
			buildActionMask = 2147483647;
			files = (
				D7495F01250AEB9E0088B86E /* GameScene.swift in Sources */,
				D7495F03250AEB9E0088B86E /* GameViewController.swift in Sources */,
				D7495EFB250AEB9E0088B86E /* AppDelegate.swift in Sources */,
			);
			runOnlyForDeploymentPostprocessing = 0;
		};
/* End PBXSourcesBuildPhase section */

/* Begin PBXVariantGroup section */
		D7495F04250AEB9E0088B86E /* Main.storyboard */ = {
			isa = PBXVariantGroup;
			children = (
				D7495F05250AEB9E0088B86E /* Base */,
			);
			name = Main.storyboard;
			sourceTree = "<group>";
		};
		D7495F09250AEB9F0088B86E /* LaunchScreen.storyboard */ = {
			isa = PBXVariantGroup;
			children = (
				D7495F0A250AEB9F0088B86E /* Base */,
			);
			name = LaunchScreen.storyboard;
			sourceTree = "<group>";
		};
/* End PBXVariantGroup section */

/* Begin XCBuildConfiguration section */
		D7495F0D250AEB9F0088B86E /* Debug */ = {
			isa = XCBuildConfiguration;
			buildSettings = {
				ALWAYS_SEARCH_USER_PATHS = NO;
				CLANG_ANALYZER_NONNULL = YES;
				CLANG_ANALYZER_NUMBER_OBJECT_CONVERSION = YES_AGGRESSIVE;
				CLANG_CXX_LANGUAGE_STANDARD = "gnu++14";
				CLANG_CXX_LIBRARY = "libc++";
				CLANG_ENABLE_MODULES = YES;
				CLANG_ENABLE_OBJC_ARC = YES;
				CLANG_ENABLE_OBJC_WEAK = YES;
				CLANG_WARN_BLOCK_CAPTURE_AUTORELEASING = YES;
				CLANG_WARN_BOOL_CONVERSION = YES;
				CLANG_WARN_COMMA = YES;
				CLANG_WARN_CONSTANT_CONVERSION = YES;
				CLANG_WARN_DEPRECATED_OBJC_IMPLEMENTATIONS = YES;
				CLANG_WARN_DIRECT_OBJC_ISA_USAGE = YES_ERROR;
				CLANG_WARN_DOCUMENTATION_COMMENTS = YES;
				CLANG_WARN_EMPTY_BODY = YES;
				CLANG_WARN_ENUM_CONVERSION = YES;
				CLANG_WARN_INFINITE_RECURSION = YES;
				CLANG_WARN_INT_CONVERSION = YES;
				CLANG_WARN_NON_LITERAL_NULL_CONVERSION = YES;
				CLANG_WARN_OBJC_IMPLICIT_RETAIN_SELF = YES;
				CLANG_WARN_OBJC_LITERAL_CONVERSION = YES;
				CLANG_WARN_OBJC_ROOT_CLASS = YES_ERROR;
				CLANG_WARN_RANGE_LOOP_ANALYSIS = YES;
				CLANG_WARN_STRICT_PROTOTYPES = YES;
				CLANG_WARN_SUSPICIOUS_MOVE = YES;
				CLANG_WARN_UNGUARDED_AVAILABILITY = YES_AGGRESSIVE;
				CLANG_WARN_UNREACHABLE_CODE = YES;
				CLANG_WARN__DUPLICATE_METHOD_MATCH = YES;
				COPY_PHASE_STRIP = NO;
				DEBUG_INFORMATION_FORMAT = dwarf;
				ENABLE_STRICT_OBJC_MSGSEND = YES;
				ENABLE_TESTABILITY = YES;
				GCC_C_LANGUAGE_STANDARD = gnu11;
				GCC_DYNAMIC_NO_PIC = NO;
				GCC_NO_COMMON_BLOCKS = YES;
				GCC_OPTIMIZATION_LEVEL = 0;
				GCC_PREPROCESSOR_DEFINITIONS = (
					"DEBUG=1",
					"$(inherited)",
				);
				GCC_WARN_64_TO_32_BIT_CONVERSION = YES;
				GCC_WARN_ABOUT_RETURN_TYPE = YES_ERROR;
				GCC_WARN_UNDECLARED_SELECTOR = YES;
				GCC_WARN_UNINITIALIZED_AUTOS = YES_AGGRESSIVE;
				GCC_WARN_UNUSED_FUNCTION = YES;
				GCC_WARN_UNUSED_VARIABLE = YES;
				IPHONEOS_DEPLOYMENT_TARGET = 13.6;
				MTL_ENABLE_DEBUG_INFO = INCLUDE_SOURCE;
				MTL_FAST_MATH = YES;
				ONLY_ACTIVE_ARCH = YES;
				SDKROOT = iphoneos;
				SWIFT_ACTIVE_COMPILATION_CONDITIONS = DEBUG;
				SWIFT_OPTIMIZATION_LEVEL = "-Onone";
			};
			name = Debug;
		};
		D7495F0E250AEB9F0088B86E /* Release */ = {
			isa = XCBuildConfiguration;
			buildSettings = {
				ALWAYS_SEARCH_USER_PATHS = NO;
				CLANG_ANALYZER_NONNULL = YES;
				CLANG_ANALYZER_NUMBER_OBJECT_CONVERSION = YES_AGGRESSIVE;
				CLANG_CXX_LANGUAGE_STANDARD = "gnu++14";
				CLANG_CXX_LIBRARY = "libc++";
				CLANG_ENABLE_MODULES = YES;
				CLANG_ENABLE_OBJC_ARC = YES;
				CLANG_ENABLE_OBJC_WEAK = YES;
				CLANG_WARN_BLOCK_CAPTURE_AUTORELEASING = YES;
				CLANG_WARN_BOOL_CONVERSION = YES;
				CLANG_WARN_COMMA = YES;
				CLANG_WARN_CONSTANT_CONVERSION = YES;
				CLANG_WARN_DEPRECATED_OBJC_IMPLEMENTATIONS = YES;
				CLANG_WARN_DIRECT_OBJC_ISA_USAGE = YES_ERROR;
				CLANG_WARN_DOCUMENTATION_COMMENTS = YES;
				CLANG_WARN_EMPTY_BODY = YES;
				CLANG_WARN_ENUM_CONVERSION = YES;
				CLANG_WARN_INFINITE_RECURSION = YES;
				CLANG_WARN_INT_CONVERSION = YES;
				CLANG_WARN_NON_LITERAL_NULL_CONVERSION = YES;
				CLANG_WARN_OBJC_IMPLICIT_RETAIN_SELF = YES;
				CLANG_WARN_OBJC_LITERAL_CONVERSION = YES;
				CLANG_WARN_OBJC_ROOT_CLASS = YES_ERROR;
				CLANG_WARN_RANGE_LOOP_ANALYSIS = YES;
				CLANG_WARN_STRICT_PROTOTYPES = YES;
				CLANG_WARN_SUSPICIOUS_MOVE = YES;
				CLANG_WARN_UNGUARDED_AVAILABILITY = YES_AGGRESSIVE;
				CLANG_WARN_UNREACHABLE_CODE = YES;
				CLANG_WARN__DUPLICATE_METHOD_MATCH = YES;
				COPY_PHASE_STRIP = NO;
				DEBUG_INFORMATION_FORMAT = "dwarf-with-dsym";
				ENABLE_NS_ASSERTIONS = NO;
				ENABLE_STRICT_OBJC_MSGSEND = YES;
				GCC_C_LANGUAGE_STANDARD = gnu11;
				GCC_NO_COMMON_BLOCKS = YES;
				GCC_WARN_64_TO_32_BIT_CONVERSION = YES;
				GCC_WARN_ABOUT_RETURN_TYPE = YES_ERROR;
				GCC_WARN_UNDECLARED_SELECTOR = YES;
				GCC_WARN_UNINITIALIZED_AUTOS = YES_AGGRESSIVE;
				GCC_WARN_UNUSED_FUNCTION = YES;
				GCC_WARN_UNUSED_VARIABLE = YES;
				IPHONEOS_DEPLOYMENT_TARGET = 13.6;
				MTL_ENABLE_DEBUG_INFO = NO;
				MTL_FAST_MATH = YES;
				SDKROOT = iphoneos;
				SWIFT_COMPILATION_MODE = wholemodule;
				SWIFT_OPTIMIZATION_LEVEL = "-O";
				VALIDATE_PRODUCT = YES;
			};
			name = Release;
		};
		D7495F10250AEB9F0088B86E /* Debug */ = {
			isa = XCBuildConfiguration;
			buildSettings = {
				ASSETCATALOG_COMPILER_APPICON_NAME = AppIcon;
				CODE_SIGN_STYLE = Automatic;
				DEVELOPMENT_TEAM = 28CMR6C7AZ;
				INFOPLIST_FILE = flower/Info.plist;
				LD_RUNPATH_SEARCH_PATHS = (
					"$(inherited)",
					"@executable_path/Frameworks",
				);
				PRODUCT_BUNDLE_IDENTIFIER = Morgana.flower;
				PRODUCT_NAME = "$(TARGET_NAME)";
				SWIFT_VERSION = 5.0;
				TARGETED_DEVICE_FAMILY = "1,2";
			};
			name = Debug;
		};
		D7495F11250AEB9F0088B86E /* Release */ = {
			isa = XCBuildConfiguration;
			buildSettings = {
				ASSETCATALOG_COMPILER_APPICON_NAME = AppIcon;
				CODE_SIGN_STYLE = Automatic;
				DEVELOPMENT_TEAM = 28CMR6C7AZ;
				INFOPLIST_FILE = flower/Info.plist;
				LD_RUNPATH_SEARCH_PATHS = (
					"$(inherited)",
					"@executable_path/Frameworks",
				);
				PRODUCT_BUNDLE_IDENTIFIER = Morgana.flower;
				PRODUCT_NAME = "$(TARGET_NAME)";
				SWIFT_VERSION = 5.0;
				TARGETED_DEVICE_FAMILY = "1,2";
			};
			name = Release;
		};
/* End XCBuildConfiguration section */

/* Begin XCConfigurationList section */
		D7495EF2250AEB9E0088B86E /* Build configuration list for PBXProject "flower" */ = {
			isa = XCConfigurationList;
			buildConfigurations = (
				D7495F0D250AEB9F0088B86E /* Debug */,
				D7495F0E250AEB9F0088B86E /* Release */,
			);
			defaultConfigurationIsVisible = 0;
			defaultConfigurationName = Release;
		};
		D7495F0F250AEB9F0088B86E /* Build configuration list for PBXNativeTarget "flower" */ = {
			isa = XCConfigurationList;
			buildConfigurations = (
				D7495F10250AEB9F0088B86E /* Debug */,
				D7495F11250AEB9F0088B86E /* Release */,
			);
			defaultConfigurationIsVisible = 0;
			defaultConfigurationName = Release;
		};
/* End XCConfigurationList section */
	};
	rootObject = D7495EEF250AEB9E0088B86E /* Project object */;
}
